// !$*UTF8*$!
{
	archiveVersion = 1;
	classes = {
	};
	objectVersion = 55;
	objects = {

/* Begin PBXBuildFile section */
		7E5E4AD1285BB135004AA83B /* RemindersApp.swift in Sources */ = {isa = PBXBuildFile; fileRef = 7E5E4AD0285BB135004AA83B /* RemindersApp.swift */; };
		7E5E4AD3285BB135004AA83B /* ContentView.swift in Sources */ = {isa = PBXBuildFile; fileRef = 7E5E4AD2285BB135004AA83B /* ContentView.swift */; };
		7E5E4AD5285BB137004AA83B /* Assets.xcassets in Resources */ = {isa = PBXBuildFile; fileRef = 7E5E4AD4285BB137004AA83B /* Assets.xcassets */; };
		7E5E4AD8285BB137004AA83B /* Preview Assets.xcassets in Resources */ = {isa = PBXBuildFile; fileRef = 7E5E4AD7285BB137004AA83B /* Preview Assets.xcassets */; };
		7E5E4AE2285BB137004AA83B /* RemindersTests.swift in Sources */ = {isa = PBXBuildFile; fileRef = 7E5E4AE1285BB137004AA83B /* RemindersTests.swift */; };
		7E5E4AEC285BB137004AA83B /* RemindersUITests.swift in Sources */ = {isa = PBXBuildFile; fileRef = 7E5E4AEB285BB137004AA83B /* RemindersUITests.swift */; };
		7E5E4AEE285BB137004AA83B /* RemindersUITestsLaunchTests.swift in Sources */ = {isa = PBXBuildFile; fileRef = 7E5E4AED285BB137004AA83B /* RemindersUITestsLaunchTests.swift */; };
		7E5E4AFC285BB1A6004AA83B /* HomeScreen.swift in Sources */ = {isa = PBXBuildFile; fileRef = 7E5E4AFB285BB1A6004AA83B /* HomeScreen.swift */; };
		7E5E4B3B285D0F90004AA83B /* SideBarView.swift in Sources */ = {isa = PBXBuildFile; fileRef = 7E5E4B3A285D0F90004AA83B /* SideBarView.swift */; };
/* End PBXBuildFile section */

/* Begin PBXContainerItemProxy section */
		7E5E4ADE285BB137004AA83B /* PBXContainerItemProxy */ = {
			isa = PBXContainerItemProxy;
			containerPortal = 7E5E4AC5285BB135004AA83B /* Project object */;
			proxyType = 1;
			remoteGlobalIDString = 7E5E4ACC285BB135004AA83B;
			remoteInfo = Reminders;
		};
		7E5E4AE8285BB137004AA83B /* PBXContainerItemProxy */ = {
			isa = PBXContainerItemProxy;
			containerPortal = 7E5E4AC5285BB135004AA83B /* Project object */;
			proxyType = 1;
			remoteGlobalIDString = 7E5E4ACC285BB135004AA83B;
			remoteInfo = Reminders;
		};
/* End PBXContainerItemProxy section */

/* Begin PBXFileReference section */
		7E5E4ACD285BB135004AA83B /* Reminders.app */ = {isa = PBXFileReference; explicitFileType = wrapper.application; includeInIndex = 0; path = Reminders.app; sourceTree = BUILT_PRODUCTS_DIR; };
		7E5E4AD0285BB135004AA83B /* RemindersApp.swift */ = {isa = PBXFileReference; lastKnownFileType = sourcecode.swift; path = RemindersApp.swift; sourceTree = "<group>"; };
		7E5E4AD2285BB135004AA83B /* ContentView.swift */ = {isa = PBXFileReference; lastKnownFileType = sourcecode.swift; path = ContentView.swift; sourceTree = "<group>"; };
		7E5E4AD4285BB137004AA83B /* Assets.xcassets */ = {isa = PBXFileReference; lastKnownFileType = folder.assetcatalog; path = Assets.xcassets; sourceTree = "<group>"; };
		7E5E4AD7285BB137004AA83B /* Preview Assets.xcassets */ = {isa = PBXFileReference; lastKnownFileType = folder.assetcatalog; path = "Preview Assets.xcassets"; sourceTree = "<group>"; };
		7E5E4ADD285BB137004AA83B /* RemindersTests.xctest */ = {isa = PBXFileReference; explicitFileType = wrapper.cfbundle; includeInIndex = 0; path = RemindersTests.xctest; sourceTree = BUILT_PRODUCTS_DIR; };
		7E5E4AE1285BB137004AA83B /* RemindersTests.swift */ = {isa = PBXFileReference; lastKnownFileType = sourcecode.swift; path = RemindersTests.swift; sourceTree = "<group>"; };
		7E5E4AE7285BB137004AA83B /* RemindersUITests.xctest */ = {isa = PBXFileReference; explicitFileType = wrapper.cfbundle; includeInIndex = 0; path = RemindersUITests.xctest; sourceTree = BUILT_PRODUCTS_DIR; };
		7E5E4AEB285BB137004AA83B /* RemindersUITests.swift */ = {isa = PBXFileReference; lastKnownFileType = sourcecode.swift; path = RemindersUITests.swift; sourceTree = "<group>"; };
		7E5E4AED285BB137004AA83B /* RemindersUITestsLaunchTests.swift */ = {isa = PBXFileReference; lastKnownFileType = sourcecode.swift; path = RemindersUITestsLaunchTests.swift; sourceTree = "<group>"; };
		7E5E4AFB285BB1A6004AA83B /* HomeScreen.swift */ = {isa = PBXFileReference; lastKnownFileType = sourcecode.swift; path = HomeScreen.swift; sourceTree = "<group>"; };
		7E5E4B3A285D0F90004AA83B /* SideBarView.swift */ = {isa = PBXFileReference; lastKnownFileType = sourcecode.swift; path = SideBarView.swift; sourceTree = "<group>"; };
/* End PBXFileReference section */

/* Begin PBXFrameworksBuildPhase section */
		7E5E4ACA285BB135004AA83B /* Frameworks */ = {
			isa = PBXFrameworksBuildPhase;
			buildActionMask = 2147483647;
			files = (
			);
			runOnlyForDeploymentPostprocessing = 0;
		};
		7E5E4ADA285BB137004AA83B /* Frameworks */ = {
			isa = PBXFrameworksBuildPhase;
			buildActionMask = 2147483647;
			files = (
			);
			runOnlyForDeploymentPostprocessing = 0;
		};
		7E5E4AE4285BB137004AA83B /* Frameworks */ = {
			isa = PBXFrameworksBuildPhase;
			buildActionMask = 2147483647;
			files = (
			);
			runOnlyForDeploymentPostprocessing = 0;
		};
/* End PBXFrameworksBuildPhase section */

/* Begin PBXGroup section */
		7E5E4AC4285BB135004AA83B = {
			isa = PBXGroup;
			children = (
				7E5E4ACF285BB135004AA83B /* Reminders */,
				7E5E4AE0285BB137004AA83B /* RemindersTests */,
				7E5E4AEA285BB137004AA83B /* RemindersUITests */,
				7E5E4ACE285BB135004AA83B /* Products */,
			);
			sourceTree = "<group>";
		};
		7E5E4ACE285BB135004AA83B /* Products */ = {
			isa = PBXGroup;
			children = (
				7E5E4ACD285BB135004AA83B /* Reminders.app */,
				7E5E4ADD285BB137004AA83B /* RemindersTests.xctest */,
				7E5E4AE7285BB137004AA83B /* RemindersUITests.xctest */,
			);
			name = Products;
			sourceTree = "<group>";
		};
		7E5E4ACF285BB135004AA83B /* Reminders */ = {
			isa = PBXGroup;
			children = (
				7E5E4B39285D0F6F004AA83B /* Views */,
				7E5E4AFA285BB185004AA83B /* Screens */,
				7E5E4AD0285BB135004AA83B /* RemindersApp.swift */,
				7E5E4AD2285BB135004AA83B /* ContentView.swift */,
				7E5E4AD4285BB137004AA83B /* Assets.xcassets */,
				7E5E4AD6285BB137004AA83B /* Preview Content */,
			);
			path = Reminders;
			sourceTree = "<group>";
		};
		7E5E4AD6285BB137004AA83B /* Preview Content */ = {
			isa = PBXGroup;
			children = (
				7E5E4AD7285BB137004AA83B /* Preview Assets.xcassets */,
			);
			path = "Preview Content";
			sourceTree = "<group>";
		};
		7E5E4AE0285BB137004AA83B /* RemindersTests */ = {
			isa = PBXGroup;
			children = (
				7E5E4AE1285BB137004AA83B /* RemindersTests.swift */,
			);
			path = RemindersTests;
			sourceTree = "<group>";
		};
		7E5E4AEA285BB137004AA83B /* RemindersUITests */ = {
			isa = PBXGroup;
			children = (
				7E5E4AEB285BB137004AA83B /* RemindersUITests.swift */,
				7E5E4AED285BB137004AA83B /* RemindersUITestsLaunchTests.swift */,
			);
			path = RemindersUITests;
			sourceTree = "<group>";
		};
		7E5E4AFA285BB185004AA83B /* Screens */ = {
			isa = PBXGroup;
			children = (
				7E5E4AFB285BB1A6004AA83B /* HomeScreen.swift */,
			);
			path = Screens;
			sourceTree = "<group>";
		};
		7E5E4B39285D0F6F004AA83B /* Views */ = {
			isa = PBXGroup;
			children = (
				7E5E4B3A285D0F90004AA83B /* SideBarView.swift */,
			);
			path = Views;
			sourceTree = "<group>";
		};
/* End PBXGroup section */

/* Begin PBXNativeTarget section */
		7E5E4ACC285BB135004AA83B /* Reminders */ = {
			isa = PBXNativeTarget;
			buildConfigurationList = 7E5E4AF1285BB137004AA83B /* Build configuration list for PBXNativeTarget "Reminders" */;
			buildPhases = (
				7E5E4AC9285BB135004AA83B /* Sources */,
				7E5E4ACA285BB135004AA83B /* Frameworks */,
				7E5E4ACB285BB135004AA83B /* Resources */,
			);
			buildRules = (
			);
			dependencies = (
			);
			name = Reminders;
			productName = Reminders;
			productReference = 7E5E4ACD285BB135004AA83B /* Reminders.app */;
			productType = "com.apple.product-type.application";
		};
		7E5E4ADC285BB137004AA83B /* RemindersTests */ = {
			isa = PBXNativeTarget;
			buildConfigurationList = 7E5E4AF4285BB137004AA83B /* Build configuration list for PBXNativeTarget "RemindersTests" */;
			buildPhases = (
				7E5E4AD9285BB137004AA83B /* Sources */,
				7E5E4ADA285BB137004AA83B /* Frameworks */,
				7E5E4ADB285BB137004AA83B /* Resources */,
			);
			buildRules = (
			);
			dependencies = (
				7E5E4ADF285BB137004AA83B /* PBXTargetDependency */,
			);
			name = RemindersTests;
			productName = RemindersTests;
			productReference = 7E5E4ADD285BB137004AA83B /* RemindersTests.xctest */;
			productType = "com.apple.product-type.bundle.unit-test";
		};
		7E5E4AE6285BB137004AA83B /* RemindersUITests */ = {
			isa = PBXNativeTarget;
			buildConfigurationList = 7E5E4AF7285BB137004AA83B /* Build configuration list for PBXNativeTarget "RemindersUITests" */;
			buildPhases = (
				7E5E4AE3285BB137004AA83B /* Sources */,
				7E5E4AE4285BB137004AA83B /* Frameworks */,
				7E5E4AE5285BB137004AA83B /* Resources */,
			);
			buildRules = (
			);
			dependencies = (
				7E5E4AE9285BB137004AA83B /* PBXTargetDependency */,
			);
			name = RemindersUITests;
			productName = RemindersUITests;
			productReference = 7E5E4AE7285BB137004AA83B /* RemindersUITests.xctest */;
			productType = "com.apple.product-type.bundle.ui-testing";
		};
/* End PBXNativeTarget section */

/* Begin PBXProject section */
		7E5E4AC5285BB135004AA83B /* Project object */ = {
			isa = PBXProject;
			attributes = {
				BuildIndependentTargetsInParallel = 1;
				LastSwiftUpdateCheck = 1340;
				LastUpgradeCheck = 1340;
				TargetAttributes = {
					7E5E4ACC285BB135004AA83B = {
						CreatedOnToolsVersion = 13.4;
					};
					7E5E4ADC285BB137004AA83B = {
						CreatedOnToolsVersion = 13.4;
						TestTargetID = 7E5E4ACC285BB135004AA83B;
					};
					7E5E4AE6285BB137004AA83B = {
						CreatedOnToolsVersion = 13.4;
						TestTargetID = 7E5E4ACC285BB135004AA83B;
					};
				};
			};
			buildConfigurationList = 7E5E4AC8285BB135004AA83B /* Build configuration list for PBXProject "Reminders" */;
			compatibilityVersion = "Xcode 13.0";
			developmentRegion = en;
			hasScannedForEncodings = 0;
			knownRegions = (
				en,
				Base,
			);
			mainGroup = 7E5E4AC4285BB135004AA83B;
			productRefGroup = 7E5E4ACE285BB135004AA83B /* Products */;
			projectDirPath = "";
			projectRoot = "";
			targets = (
				7E5E4ACC285BB135004AA83B /* Reminders */,
				7E5E4ADC285BB137004AA83B /* RemindersTests */,
				7E5E4AE6285BB137004AA83B /* RemindersUITests */,
			);
		};
/* End PBXProject section */

/* Begin PBXResourcesBuildPhase section */
		7E5E4ACB285BB135004AA83B /* Resources */ = {
			isa = PBXResourcesBuildPhase;
			buildActionMask = 2147483647;
			files = (
				7E5E4AD8285BB137004AA83B /* Preview Assets.xcassets in Resources */,
				7E5E4AD5285BB137004AA83B /* Assets.xcassets in Resources */,
			);
			runOnlyForDeploymentPostprocessing = 0;
		};
		7E5E4ADB285BB137004AA83B /* Resources */ = {
			isa = PBXResourcesBuildPhase;
			buildActionMask = 2147483647;
			files = (
			);
			runOnlyForDeploymentPostprocessing = 0;
		};
		7E5E4AE5285BB137004AA83B /* Resources */ = {
			isa = PBXResourcesBuildPhase;
			buildActionMask = 2147483647;
			files = (
			);
			runOnlyForDeploymentPostprocessing = 0;
		};
/* End PBXResourcesBuildPhase section */

/* Begin PBXSourcesBuildPhase section */
		7E5E4AC9285BB135004AA83B /* Sources */ = {
			isa = PBXSourcesBuildPhase;
			buildActionMask = 2147483647;
			files = (
				7E5E4AD3285BB135004AA83B /* ContentView.swift in Sources */,
				7E5E4B3B285D0F90004AA83B /* SideBarView.swift in Sources */,
				7E5E4AD1285BB135004AA83B /* RemindersApp.swift in Sources */,
				7E5E4AFC285BB1A6004AA83B /* HomeScreen.swift in Sources */,
			);
			runOnlyForDeploymentPostprocessing = 0;
		};
		7E5E4AD9285BB137004AA83B /* Sources */ = {
			isa = PBXSourcesBuildPhase;
			buildActionMask = 2147483647;
			files = (
				7E5E4AE2285BB137004AA83B /* RemindersTests.swift in Sources */,
			);
			runOnlyForDeploymentPostprocessing = 0;
		};
		7E5E4AE3285BB137004AA83B /* Sources */ = {
			isa = PBXSourcesBuildPhase;
			buildActionMask = 2147483647;
			files = (
				7E5E4AEE285BB137004AA83B /* RemindersUITestsLaunchTests.swift in Sources */,
				7E5E4AEC285BB137004AA83B /* RemindersUITests.swift in Sources */,
			);
			runOnlyForDeploymentPostprocessing = 0;
		};
/* End PBXSourcesBuildPhase section */

/* Begin PBXTargetDependency section */
		7E5E4ADF285BB137004AA83B /* PBXTargetDependency */ = {
			isa = PBXTargetDependency;
			target = 7E5E4ACC285BB135004AA83B /* Reminders */;
			targetProxy = 7E5E4ADE285BB137004AA83B /* PBXContainerItemProxy */;
		};
		7E5E4AE9285BB137004AA83B /* PBXTargetDependency */ = {
			isa = PBXTargetDependency;
			target = 7E5E4ACC285BB135004AA83B /* Reminders */;
			targetProxy = 7E5E4AE8285BB137004AA83B /* PBXContainerItemProxy */;
		};
/* End PBXTargetDependency section */

/* Begin XCBuildConfiguration section */
		7E5E4AEF285BB137004AA83B /* Debug */ = {
			isa = XCBuildConfiguration;
			buildSettings = {
				ALWAYS_SEARCH_USER_PATHS = NO;
				CLANG_ANALYZER_NONNULL = YES;
				CLANG_ANALYZER_NUMBER_OBJECT_CONVERSION = YES_AGGRESSIVE;
				CLANG_CXX_LANGUAGE_STANDARD = "gnu++17";
				CLANG_ENABLE_MODULES = YES;
				CLANG_ENABLE_OBJC_ARC = YES;
				CLANG_ENABLE_OBJC_WEAK = YES;
				CLANG_WARN_BLOCK_CAPTURE_AUTORELEASING = YES;
				CLANG_WARN_BOOL_CONVERSION = YES;
				CLANG_WARN_COMMA = YES;
				CLANG_WARN_CONSTANT_CONVERSION = YES;
				CLANG_WARN_DEPRECATED_OBJC_IMPLEMENTATIONS = YES;
				CLANG_WARN_DIRECT_OBJC_ISA_USAGE = YES_ERROR;
				CLANG_WARN_DOCUMENTATION_COMMENTS = YES;
				CLANG_WARN_EMPTY_BODY = YES;
				CLANG_WARN_ENUM_CONVERSION = YES;
				CLANG_WARN_INFINITE_RECURSION = YES;
				CLANG_WARN_INT_CONVERSION = YES;
				CLANG_WARN_NON_LITERAL_NULL_CONVERSION = YES;
				CLANG_WARN_OBJC_IMPLICIT_RETAIN_SELF = YES;
				CLANG_WARN_OBJC_LITERAL_CONVERSION = YES;
				CLANG_WARN_OBJC_ROOT_CLASS = YES_ERROR;
				CLANG_WARN_QUOTED_INCLUDE_IN_FRAMEWORK_HEADER = YES;
				CLANG_WARN_RANGE_LOOP_ANALYSIS = YES;
				CLANG_WARN_STRICT_PROTOTYPES = YES;
				CLANG_WARN_SUSPICIOUS_MOVE = YES;
				CLANG_WARN_UNGUARDED_AVAILABILITY = YES_AGGRESSIVE;
				CLANG_WARN_UNREACHABLE_CODE = YES;
				CLANG_WARN__DUPLICATE_METHOD_MATCH = YES;
				COPY_PHASE_STRIP = NO;
				DEBUG_INFORMATION_FORMAT = dwarf;
				ENABLE_STRICT_OBJC_MSGSEND = YES;
				ENABLE_TESTABILITY = YES;
				GCC_C_LANGUAGE_STANDARD = gnu11;
				GCC_DYNAMIC_NO_PIC = NO;
				GCC_NO_COMMON_BLOCKS = YES;
				GCC_OPTIMIZATION_LEVEL = 0;
				GCC_PREPROCESSOR_DEFINITIONS = (
					"DEBUG=1",
					"$(inherited)",
				);
				GCC_WARN_64_TO_32_BIT_CONVERSION = YES;
				GCC_WARN_ABOUT_RETURN_TYPE = YES_ERROR;
				GCC_WARN_UNDECLARED_SELECTOR = YES;
				GCC_WARN_UNINITIALIZED_AUTOS = YES_AGGRESSIVE;
				GCC_WARN_UNUSED_FUNCTION = YES;
				GCC_WARN_UNUSED_VARIABLE = YES;
				IPHONEOS_DEPLOYMENT_TARGET = 15.5;
				MTL_ENABLE_DEBUG_INFO = INCLUDE_SOURCE;
				MTL_FAST_MATH = YES;
				ONLY_ACTIVE_ARCH = YES;
				SDKROOT = iphoneos;
				SWIFT_ACTIVE_COMPILATION_CONDITIONS = DEBUG;
				SWIFT_OPTIMIZATION_LEVEL = "-Onone";
			};
			name = Debug;
		};
		7E5E4AF0285BB137004AA83B /* Release */ = {
			isa = XCBuildConfiguration;
			buildSettings = {
				ALWAYS_SEARCH_USER_PATHS = NO;
				CLANG_ANALYZER_NONNULL = YES;
				CLANG_ANALYZER_NUMBER_OBJECT_CONVERSION = YES_AGGRESSIVE;
				CLANG_CXX_LANGUAGE_STANDARD = "gnu++17";
				CLANG_ENABLE_MODULES = YES;
				CLANG_ENABLE_OBJC_ARC = YES;
				CLANG_ENABLE_OBJC_WEAK = YES;
				CLANG_WARN_BLOCK_CAPTURE_AUTORELEASING = YES;
				CLANG_WARN_BOOL_CONVERSION = YES;
				CLANG_WARN_COMMA = YES;
				CLANG_WARN_CONSTANT_CONVERSION = YES;
				CLANG_WARN_DEPRECATED_OBJC_IMPLEMENTATIONS = YES;
				CLANG_WARN_DIRECT_OBJC_ISA_USAGE = YES_ERROR;
				CLANG_WARN_DOCUMENTATION_COMMENTS = YES;
				CLANG_WARN_EMPTY_BODY = YES;
				CLANG_WARN_ENUM_CONVERSION = YES;
				CLANG_WARN_INFINITE_RECURSION = YES;
				CLANG_WARN_INT_CONVERSION = YES;
				CLANG_WARN_NON_LITERAL_NULL_CONVERSION = YES;
				CLANG_WARN_OBJC_IMPLICIT_RETAIN_SELF = YES;
				CLANG_WARN_OBJC_LITERAL_CONVERSION = YES;
				CLANG_WARN_OBJC_ROOT_CLASS = YES_ERROR;
				CLANG_WARN_QUOTED_INCLUDE_IN_FRAMEWORK_HEADER = YES;
				CLANG_WARN_RANGE_LOOP_ANALYSIS = YES;
				CLANG_WARN_STRICT_PROTOTYPES = YES;
				CLANG_WARN_SUSPICIOUS_MOVE = YES;
				CLANG_WARN_UNGUARDED_AVAILABILITY = YES_AGGRESSIVE;
				CLANG_WARN_UNREACHABLE_CODE = YES;
				CLANG_WARN__DUPLICATE_METHOD_MATCH = YES;
				COPY_PHASE_STRIP = NO;
				DEBUG_INFORMATION_FORMAT = "dwarf-with-dsym";
				ENABLE_NS_ASSERTIONS = NO;
				ENABLE_STRICT_OBJC_MSGSEND = YES;
				GCC_C_LANGUAGE_STANDARD = gnu11;
				GCC_NO_COMMON_BLOCKS = YES;
				GCC_WARN_64_TO_32_BIT_CONVERSION = YES;
				GCC_WARN_ABOUT_RETURN_TYPE = YES_ERROR;
				GCC_WARN_UNDECLARED_SELECTOR = YES;
				GCC_WARN_UNINITIALIZED_AUTOS = YES_AGGRESSIVE;
				GCC_WARN_UNUSED_FUNCTION = YES;
				GCC_WARN_UNUSED_VARIABLE = YES;
				IPHONEOS_DEPLOYMENT_TARGET = 15.5;
				MTL_ENABLE_DEBUG_INFO = NO;
				MTL_FAST_MATH = YES;
				SDKROOT = iphoneos;
				SWIFT_COMPILATION_MODE = wholemodule;
				SWIFT_OPTIMIZATION_LEVEL = "-O";
				VALIDATE_PRODUCT = YES;
			};
			name = Release;
		};
		7E5E4AF2285BB137004AA83B /* Debug */ = {
			isa = XCBuildConfiguration;
			buildSettings = {
				ASSETCATALOG_COMPILER_APPICON_NAME = AppIcon;
				ASSETCATALOG_COMPILER_GLOBAL_ACCENT_COLOR_NAME = AccentColor;
				CODE_SIGN_STYLE = Automatic;
				CURRENT_PROJECT_VERSION = 1;
				DEVELOPMENT_ASSET_PATHS = "\"Reminders/Preview Content\"";
				ENABLE_PREVIEWS = YES;
				GENERATE_INFOPLIST_FILE = YES;
				INFOPLIST_KEY_UIApplicationSceneManifest_Generation = YES;
				INFOPLIST_KEY_UIApplicationSupportsIndirectInputEvents = YES;
				INFOPLIST_KEY_UILaunchScreen_Generation = YES;
				INFOPLIST_KEY_UISupportedInterfaceOrientations_iPad = "UIInterfaceOrientationPortrait UIInterfaceOrientationPortraitUpsideDown UIInterfaceOrientationLandscapeLeft UIInterfaceOrientationLandscapeRight";
				INFOPLIST_KEY_UISupportedInterfaceOrientations_iPhone = "UIInterfaceOrientationPortrait UIInterfaceOrientationLandscapeLeft UIInterfaceOrientationLandscapeRight";
				LD_RUNPATH_SEARCH_PATHS = (
					"$(inherited)",
					"@executable_path/Frameworks",
				);
				MARKETING_VERSION = 1.0;
				PRODUCT_BUNDLE_IDENTIFIER = korbek.Reminders;
				PRODUCT_NAME = "$(TARGET_NAME)";
				SWIFT_EMIT_LOC_STRINGS = YES;
				SWIFT_VERSION = 5.0;
				TARGETED_DEVICE_FAMILY = "1,2";
			};
			name = Debug;
		};
		7E5E4AF3285BB137004AA83B /* Release */ = {
			isa = XCBuildConfiguration;
			buildSettings = {
				ASSETCATALOG_COMPILER_APPICON_NAME = AppIcon;
				ASSETCATALOG_COMPILER_GLOBAL_ACCENT_COLOR_NAME = AccentColor;
				CODE_SIGN_STYLE = Automatic;
				CURRENT_PROJECT_VERSION = 1;
				DEVELOPMENT_ASSET_PATHS = "\"Reminders/Preview Content\"";
				ENABLE_PREVIEWS = YES;
				GENERATE_INFOPLIST_FILE = YES;
				INFOPLIST_KEY_UIApplicationSceneManifest_Generation = YES;
				INFOPLIST_KEY_UIApplicationSupportsIndirectInputEvents = YES;
				INFOPLIST_KEY_UILaunchScreen_Generation = YES;
				INFOPLIST_KEY_UISupportedInterfaceOrientations_iPad = "UIInterfaceOrientationPortrait UIInterfaceOrientationPortraitUpsideDown UIInterfaceOrientationLandscapeLeft UIInterfaceOrientationLandscapeRight";
				INFOPLIST_KEY_UISupportedInterfaceOrientations_iPhone = "UIInterfaceOrientationPortrait UIInterfaceOrientationLandscapeLeft UIInterfaceOrientationLandscapeRight";
				LD_RUNPATH_SEARCH_PATHS = (
					"$(inherited)",
					"@executable_path/Frameworks",
				);
				MARKETING_VERSION = 1.0;
				PRODUCT_BUNDLE_IDENTIFIER = korbek.Reminders;
				PRODUCT_NAME = "$(TARGET_NAME)";
				SWIFT_EMIT_LOC_STRINGS = YES;
				SWIFT_VERSION = 5.0;
				TARGETED_DEVICE_FAMILY = "1,2";
			};
			name = Release;
		};
		7E5E4AF5285BB137004AA83B /* Debug */ = {
			isa = XCBuildConfiguration;
			buildSettings = {
				ALWAYS_EMBED_SWIFT_STANDARD_LIBRARIES = YES;
				BUNDLE_LOADER = "$(TEST_HOST)";
				CODE_SIGN_STYLE = Automatic;
				CURRENT_PROJECT_VERSION = 1;
				GENERATE_INFOPLIST_FILE = YES;
				IPHONEOS_DEPLOYMENT_TARGET = 15.5;
				MARKETING_VERSION = 1.0;
				PRODUCT_BUNDLE_IDENTIFIER = korbek.RemindersTests;
				PRODUCT_NAME = "$(TARGET_NAME)";
				SWIFT_EMIT_LOC_STRINGS = NO;
				SWIFT_VERSION = 5.0;
				TARGETED_DEVICE_FAMILY = "1,2";
				TEST_HOST = "$(BUILT_PRODUCTS_DIR)/Reminders.app/Reminders";
			};
			name = Debug;
		};
		7E5E4AF6285BB137004AA83B /* Release */ = {
			isa = XCBuildConfiguration;
			buildSettings = {
				ALWAYS_EMBED_SWIFT_STANDARD_LIBRARIES = YES;
				BUNDLE_LOADER = "$(TEST_HOST)";
				CODE_SIGN_STYLE = Automatic;
				CURRENT_PROJECT_VERSION = 1;
				GENERATE_INFOPLIST_FILE = YES;
				IPHONEOS_DEPLOYMENT_TARGET = 15.5;
				MARKETING_VERSION = 1.0;
				PRODUCT_BUNDLE_IDENTIFIER = korbek.RemindersTests;
				PRODUCT_NAME = "$(TARGET_NAME)";
				SWIFT_EMIT_LOC_STRINGS = NO;
				SWIFT_VERSION = 5.0;
				TARGETED_DEVICE_FAMILY = "1,2";
				TEST_HOST = "$(BUILT_PRODUCTS_DIR)/Reminders.app/Reminders";
			};
			name = Release;
		};
		7E5E4AF8285BB137004AA83B /* Debug */ = {
			isa = XCBuildConfiguration;
			buildSettings = {
				ALWAYS_EMBED_SWIFT_STANDARD_LIBRARIES = YES;
				CODE_SIGN_STYLE = Automatic;
				CURRENT_PROJECT_VERSION = 1;
				GENERATE_INFOPLIST_FILE = YES;
				MARKETING_VERSION = 1.0;
				PRODUCT_BUNDLE_IDENTIFIER = korbek.RemindersUITests;
				PRODUCT_NAME = "$(TARGET_NAME)";
				SWIFT_EMIT_LOC_STRINGS = NO;
				SWIFT_VERSION = 5.0;
				TARGETED_DEVICE_FAMILY = "1,2";
				TEST_TARGET_NAME = Reminders;
			};
			name = Debug;
		};
		7E5E4AF9285BB137004AA83B /* Release */ = {
			isa = XCBuildConfiguration;
			buildSettings = {
				ALWAYS_EMBED_SWIFT_STANDARD_LIBRARIES = YES;
				CODE_SIGN_STYLE = Automatic;
				CURRENT_PROJECT_VERSION = 1;
				GENERATE_INFOPLIST_FILE = YES;
				MARKETING_VERSION = 1.0;
				PRODUCT_BUNDLE_IDENTIFIER = korbek.RemindersUITests;
				PRODUCT_NAME = "$(TARGET_NAME)";
				SWIFT_EMIT_LOC_STRINGS = NO;
				SWIFT_VERSION = 5.0;
				TARGETED_DEVICE_FAMILY = "1,2";
				TEST_TARGET_NAME = Reminders;
			};
			name = Release;
		};
/* End XCBuildConfiguration section */

/* Begin XCConfigurationList section */
		7E5E4AC8285BB135004AA83B /* Build configuration list for PBXProject "Reminders" */ = {
			isa = XCConfigurationList;
			buildConfigurations = (
				7E5E4AEF285BB137004AA83B /* Debug */,
				7E5E4AF0285BB137004AA83B /* Release */,
			);
			defaultConfigurationIsVisible = 0;
			defaultConfigurationName = Release;
		};
		7E5E4AF1285BB137004AA83B /* Build configuration list for PBXNativeTarget "Reminders" */ = {
			isa = XCConfigurationList;
			buildConfigurations = (
				7E5E4AF2285BB137004AA83B /* Debug */,
				7E5E4AF3285BB137004AA83B /* Release */,
			);
			defaultConfigurationIsVisible = 0;
			defaultConfigurationName = Release;
		};
		7E5E4AF4285BB137004AA83B /* Build configuration list for PBXNativeTarget "RemindersTests" */ = {
			isa = XCConfigurationList;
			buildConfigurations = (
				7E5E4AF5285BB137004AA83B /* Debug */,
				7E5E4AF6285BB137004AA83B /* Release */,
			);
			defaultConfigurationIsVisible = 0;
			defaultConfigurationName = Release;
		};
		7E5E4AF7285BB137004AA83B /* Build configuration list for PBXNativeTarget "RemindersUITests" */ = {
			isa = XCConfigurationList;
			buildConfigurations = (
				7E5E4AF8285BB137004AA83B /* Debug */,
				7E5E4AF9285BB137004AA83B /* Release */,
			);
			defaultConfigurationIsVisible = 0;
			defaultConfigurationName = Release;
		};
/* End XCConfigurationList section */
	};
	rootObject = 7E5E4AC5285BB135004AA83B /* Project object */;
}
